
Microsoft Visual Studio Solution File, Format Version 12.00
# Visual Studio Version 16
VisualStudioVersion = 16.0.30717.126
MinimumVisualStudioVersion = 10.0.40219.1
Project("{FAE04EC0-301F-11D3-BF4B-00C04F79EFBC}") = "ProWebAPI", "ProWebAPI\ProWebAPI.csproj", "{94B32A72-2EB5-4C23-A920-75DA1850D81C}"
EndProject
Global
	GlobalSection(SolutionConfigurationPlatforms) = preSolution
		Debug|Any CPU = Debug|Any CPU
		Release|Any CPU = Release|Any CPU
	EndGlobalSection
	GlobalSection(ProjectConfigurationPlatforms) = postSolution
		{94B32A72-2EB5-4C23-A920-75DA1850D81C}.Debug|Any CPU.ActiveCfg = Debug|Any CPU
		{94B32A72-2EB5-4C23-A920-75DA1850D81C}.Debug|Any CPU.Build.0 = Debug|Any CPU
		{94B32A72-2EB5-4C23-A920-75DA1850D81C}.Release|Any CPU.ActiveCfg = Release|Any CPU
		{94B32A72-2EB5-4C23-A920-75DA1850D81C}.Release|Any CPU.Build.0 = Release|Any CPU
	EndGlobalSection
	GlobalSection(SolutionProperties) = preSolution
		HideSolutionNode = FALSE
	EndGlobalSection
	GlobalSection(ExtensibilityGlobals) = postSolution
		SolutionGuid = {E8B0FBE6-2940-4186-839B-8141C9533212}
	EndGlobalSection
EndGlobal
